// !$*UTF8*$!
{
	archiveVersion = 1;
	classes = {
	};
	objectVersion = 46;
	objects = {

/* Begin PBXBuildFile section */
		05A544031B17F7E200BFDD33 /* main.m in Sources */ = {isa = PBXBuildFile; fileRef = 05A544021B17F7E200BFDD33 /* main.m */; };
		05A544061B17F7E200BFDD33 /* AppDelegate.m in Sources */ = {isa = PBXBuildFile; fileRef = 05A544051B17F7E200BFDD33 /* AppDelegate.m */; };
		05A544091B17F7E200BFDD33 /* ViewController.m in Sources */ = {isa = PBXBuildFile; fileRef = 05A544081B17F7E200BFDD33 /* ViewController.m */; };
		05A5440C1B17F7E200BFDD33 /* Main.storyboard in Resources */ = {isa = PBXBuildFile; fileRef = 05A5440A1B17F7E200BFDD33 /* Main.storyboard */; };
		05A5440E1B17F7E200BFDD33 /* Images.xcassets in Resources */ = {isa = PBXBuildFile; fileRef = 05A5440D1B17F7E200BFDD33 /* Images.xcassets */; };
		05A544111B17F7E200BFDD33 /* LaunchScreen.xib in Resources */ = {isa = PBXBuildFile; fileRef = 05A5440F1B17F7E200BFDD33 /* LaunchScreen.xib */; };
		05A5441D1B17F7E300BFDD33 /* LCKeyboardManagerTests.m in Sources */ = {isa = PBXBuildFile; fileRef = 05A5441C1B17F7E300BFDD33 /* LCKeyboardManagerTests.m */; };
		05A544291B17F89F00BFDD33 /* LCKeyboardManager.m in Sources */ = {isa = PBXBuildFile; fileRef = 05A544281B17F89F00BFDD33 /* LCKeyboardManager.m */; };
/* End PBXBuildFile section */

/* Begin PBXContainerItemProxy section */
		05A544171B17F7E300BFDD33 /* PBXContainerItemProxy */ = {
			isa = PBXContainerItemProxy;
			containerPortal = 05A543F51B17F7E200BFDD33 /* Project object */;
			proxyType = 1;
			remoteGlobalIDString = 05A543FC1B17F7E200BFDD33;
			remoteInfo = LCKeyboardManager;
		};
/* End PBXContainerItemProxy section */

/* Begin PBXFileReference section */
		05A543FD1B17F7E200BFDD33 /* LCKeyboardManager.app */ = {isa = PBXFileReference; explicitFileType = wrapper.application; includeInIndex = 0; path = LCKeyboardManager.app; sourceTree = BUILT_PRODUCTS_DIR; };
		05A544011B17F7E200BFDD33 /* Info.plist */ = {isa = PBXFileReference; lastKnownFileType = text.plist.xml; path = Info.plist; sourceTree = "<group>"; };
		05A544021B17F7E200BFDD33 /* main.m */ = {isa = PBXFileReference; lastKnownFileType = sourcecode.c.objc; path = main.m; sourceTree = "<group>"; };
		05A544041B17F7E200BFDD33 /* AppDelegate.h */ = {isa = PBXFileReference; lastKnownFileType = sourcecode.c.h; path = AppDelegate.h; sourceTree = "<group>"; };
		05A544051B17F7E200BFDD33 /* AppDelegate.m */ = {isa = PBXFileReference; lastKnownFileType = sourcecode.c.objc; path = AppDelegate.m; sourceTree = "<group>"; };
		05A544071B17F7E200BFDD33 /* ViewController.h */ = {isa = PBXFileReference; lastKnownFileType = sourcecode.c.h; path = ViewController.h; sourceTree = "<group>"; };
		05A544081B17F7E200BFDD33 /* ViewController.m */ = {isa = PBXFileReference; lastKnownFileType = sourcecode.c.objc; path = ViewController.m; sourceTree = "<group>"; };
		05A5440B1B17F7E200BFDD33 /* Base */ = {isa = PBXFileReference; lastKnownFileType = file.storyboard; name = Base; path = Base.lproj/Main.storyboard; sourceTree = "<group>"; };
		05A5440D1B17F7E200BFDD33 /* Images.xcassets */ = {isa = PBXFileReference; lastKnownFileType = folder.assetcatalog; path = Images.xcassets; sourceTree = "<group>"; };
		05A544101B17F7E200BFDD33 /* Base */ = {isa = PBXFileReference; lastKnownFileType = file.xib; name = Base; path = Base.lproj/LaunchScreen.xib; sourceTree = "<group>"; };
		05A544161B17F7E300BFDD33 /* LCKeyboardManagerTests.xctest */ = {isa = PBXFileReference; explicitFileType = wrapper.cfbundle; includeInIndex = 0; path = LCKeyboardManagerTests.xctest; sourceTree = BUILT_PRODUCTS_DIR; };
		05A5441B1B17F7E300BFDD33 /* Info.plist */ = {isa = PBXFileReference; lastKnownFileType = text.plist.xml; path = Info.plist; sourceTree = "<group>"; };
		05A5441C1B17F7E300BFDD33 /* LCKeyboardManagerTests.m */ = {isa = PBXFileReference; lastKnownFileType = sourcecode.c.objc; path = LCKeyboardManagerTests.m; sourceTree = "<group>"; };
		05A544271B17F89F00BFDD33 /* LCKeyboardManager.h */ = {isa = PBXFileReference; fileEncoding = 4; lastKnownFileType = sourcecode.c.h; path = LCKeyboardManager.h; sourceTree = "<group>"; };
		05A544281B17F89F00BFDD33 /* LCKeyboardManager.m */ = {isa = PBXFileReference; fileEncoding = 4; lastKnownFileType = sourcecode.c.objc; path = LCKeyboardManager.m; sourceTree = "<group>"; };
/* End PBXFileReference section */

/* Begin PBXFrameworksBuildPhase section */
		05A543FA1B17F7E200BFDD33 /* Frameworks */ = {
			isa = PBXFrameworksBuildPhase;
			buildActionMask = 2147483647;
			files = (
			);
			runOnlyForDeploymentPostprocessing = 0;
		};
		05A544131B17F7E300BFDD33 /* Frameworks */ = {
			isa = PBXFrameworksBuildPhase;
			buildActionMask = 2147483647;
			files = (
			);
			runOnlyForDeploymentPostprocessing = 0;
		};
/* End PBXFrameworksBuildPhase section */

/* Begin PBXGroup section */
		05A543F41B17F7E200BFDD33 = {
			isa = PBXGroup;
			children = (
				05A543FF1B17F7E200BFDD33 /* LCKeyboardManager */,
				05A544191B17F7E300BFDD33 /* LCKeyboardManagerTests */,
				05A543FE1B17F7E200BFDD33 /* Products */,
			);
			sourceTree = "<group>";
		};
		05A543FE1B17F7E200BFDD33 /* Products */ = {
			isa = PBXGroup;
			children = (
				05A543FD1B17F7E200BFDD33 /* LCKeyboardManager.app */,
				05A544161B17F7E300BFDD33 /* LCKeyboardManagerTests.xctest */,
			);
			name = Products;
			sourceTree = "<group>";
		};
		05A543FF1B17F7E200BFDD33 /* LCKeyboardManager */ = {
			isa = PBXGroup;
			children = (
				05A544261B17F81F00BFDD33 /* LCKeyboardManager */,
				05A544041B17F7E200BFDD33 /* AppDelegate.h */,
				05A544051B17F7E200BFDD33 /* AppDelegate.m */,
				05A544071B17F7E200BFDD33 /* ViewController.h */,
				05A544081B17F7E200BFDD33 /* ViewController.m */,
				05A5440A1B17F7E200BFDD33 /* Main.storyboard */,
				05A5440D1B17F7E200BFDD33 /* Images.xcassets */,
				05A5440F1B17F7E200BFDD33 /* LaunchScreen.xib */,
				05A544001B17F7E200BFDD33 /* Supporting Files */,
			);
			path = LCKeyboardManager;
			sourceTree = "<group>";
		};
		05A544001B17F7E200BFDD33 /* Supporting Files */ = {
			isa = PBXGroup;
			children = (
				05A544011B17F7E200BFDD33 /* Info.plist */,
				05A544021B17F7E200BFDD33 /* main.m */,
			);
			name = "Supporting Files";
			sourceTree = "<group>";
		};
		05A544191B17F7E300BFDD33 /* LCKeyboardManagerTests */ = {
			isa = PBXGroup;
			children = (
				05A5441C1B17F7E300BFDD33 /* LCKeyboardManagerTests.m */,
				05A5441A1B17F7E300BFDD33 /* Supporting Files */,
			);
			path = LCKeyboardManagerTests;
			sourceTree = "<group>";
		};
		05A5441A1B17F7E300BFDD33 /* Supporting Files */ = {
			isa = PBXGroup;
			children = (
				05A5441B1B17F7E300BFDD33 /* Info.plist */,
			);
			name = "Supporting Files";
			sourceTree = "<group>";
		};
		05A544261B17F81F00BFDD33 /* LCKeyboardManager */ = {
			isa = PBXGroup;
			children = (
				05A544271B17F89F00BFDD33 /* LCKeyboardManager.h */,
				05A544281B17F89F00BFDD33 /* LCKeyboardManager.m */,
			);
			path = LCKeyboardManager;
			sourceTree = "<group>";
		};
/* End PBXGroup section */

/* Begin PBXNativeTarget section */
		05A543FC1B17F7E200BFDD33 /* LCKeyboardManager */ = {
			isa = PBXNativeTarget;
			buildConfigurationList = 05A544201B17F7E300BFDD33 /* Build configuration list for PBXNativeTarget "LCKeyboardManager" */;
			buildPhases = (
				05A543F91B17F7E200BFDD33 /* Sources */,
				05A543FA1B17F7E200BFDD33 /* Frameworks */,
				05A543FB1B17F7E200BFDD33 /* Resources */,
			);
			buildRules = (
			);
			dependencies = (
			);
			name = LCKeyboardManager;
			productName = LCKeyboardManager;
			productReference = 05A543FD1B17F7E200BFDD33 /* LCKeyboardManager.app */;
			productType = "com.apple.product-type.application";
		};
		05A544151B17F7E300BFDD33 /* LCKeyboardManagerTests */ = {
			isa = PBXNativeTarget;
			buildConfigurationList = 05A544231B17F7E300BFDD33 /* Build configuration list for PBXNativeTarget "LCKeyboardManagerTests" */;
			buildPhases = (
				05A544121B17F7E300BFDD33 /* Sources */,
				05A544131B17F7E300BFDD33 /* Frameworks */,
				05A544141B17F7E300BFDD33 /* Resources */,
			);
			buildRules = (
			);
			dependencies = (
				05A544181B17F7E300BFDD33 /* PBXTargetDependency */,
			);
			name = LCKeyboardManagerTests;
			productName = LCKeyboardManagerTests;
			productReference = 05A544161B17F7E300BFDD33 /* LCKeyboardManagerTests.xctest */;
			productType = "com.apple.product-type.bundle.unit-test";
		};
/* End PBXNativeTarget section */

/* Begin PBXProject section */
		05A543F51B17F7E200BFDD33 /* Project object */ = {
			isa = PBXProject;
			attributes = {
				LastUpgradeCheck = 0630;
				ORGANIZATIONNAME = liangxiechao;
				TargetAttributes = {
					05A543FC1B17F7E200BFDD33 = {
						CreatedOnToolsVersion = 6.3.1;
					};
					05A544151B17F7E300BFDD33 = {
						CreatedOnToolsVersion = 6.3.1;
						TestTargetID = 05A543FC1B17F7E200BFDD33;
					};
				};
			};
			buildConfigurationList = 05A543F81B17F7E200BFDD33 /* Build configuration list for PBXProject "LCKeyboardManager" */;
			compatibilityVersion = "Xcode 3.2";
			developmentRegion = English;
			hasScannedForEncodings = 0;
			knownRegions = (
				en,
				Base,
			);
			mainGroup = 05A543F41B17F7E200BFDD33;
			productRefGroup = 05A543FE1B17F7E200BFDD33 /* Products */;
			projectDirPath = "";
			projectRoot = "";
			targets = (
				05A543FC1B17F7E200BFDD33 /* LCKeyboardManager */,
				05A544151B17F7E300BFDD33 /* LCKeyboardManagerTests */,
			);
		};
/* End PBXProject section */

/* Begin PBXResourcesBuildPhase section */
		05A543FB1B17F7E200BFDD33 /* Resources */ = {
			isa = PBXResourcesBuildPhase;
			buildActionMask = 2147483647;
			files = (
				05A5440C1B17F7E200BFDD33 /* Main.storyboard in Resources */,
				05A544111B17F7E200BFDD33 /* LaunchScreen.xib in Resources */,
				05A5440E1B17F7E200BFDD33 /* Images.xcassets in Resources */,
			);
			runOnlyForDeploymentPostprocessing = 0;
		};
		05A544141B17F7E300BFDD33 /* Resources */ = {
			isa = PBXResourcesBuildPhase;
			buildActionMask = 2147483647;
			files = (
			);
			runOnlyForDeploymentPostprocessing = 0;
		};
/* End PBXResourcesBuildPhase section */

/* Begin PBXSourcesBuildPhase section */
		05A543F91B17F7E200BFDD33 /* Sources */ = {
			isa = PBXSourcesBuildPhase;
			buildActionMask = 2147483647;
			files = (
				05A544091B17F7E200BFDD33 /* ViewController.m in Sources */,
				05A544291B17F89F00BFDD33 /* LCKeyboardManager.m in Sources */,
				05A544061B17F7E200BFDD33 /* AppDelegate.m in Sources */,
				05A544031B17F7E200BFDD33 /* main.m in Sources */,
			);
			runOnlyForDeploymentPostprocessing = 0;
		};
		05A544121B17F7E300BFDD33 /* Sources */ = {
			isa = PBXSourcesBuildPhase;
			buildActionMask = 2147483647;
			files = (
				05A5441D1B17F7E300BFDD33 /* LCKeyboardManagerTests.m in Sources */,
			);
			runOnlyForDeploymentPostprocessing = 0;
		};
/* End PBXSourcesBuildPhase section */

/* Begin PBXTargetDependency section */
		05A544181B17F7E300BFDD33 /* PBXTargetDependency */ = {
			isa = PBXTargetDependency;
			target = 05A543FC1B17F7E200BFDD33 /* LCKeyboardManager */;
			targetProxy = 05A544171B17F7E300BFDD33 /* PBXContainerItemProxy */;
		};
/* End PBXTargetDependency section */

/* Begin PBXVariantGroup section */
		05A5440A1B17F7E200BFDD33 /* Main.storyboard */ = {
			isa = PBXVariantGroup;
			children = (
				05A5440B1B17F7E200BFDD33 /* Base */,
			);
			name = Main.storyboard;
			sourceTree = "<group>";
		};
		05A5440F1B17F7E200BFDD33 /* LaunchScreen.xib */ = {
			isa = PBXVariantGroup;
			children = (
				05A544101B17F7E200BFDD33 /* Base */,
			);
			name = LaunchScreen.xib;
			sourceTree = "<group>";
		};
/* End PBXVariantGroup section */

/* Begin XCBuildConfiguration section */
		05A5441E1B17F7E300BFDD33 /* Debug */ = {
			isa = XCBuildConfiguration;
			buildSettings = {
				ALWAYS_SEARCH_USER_PATHS = NO;
				CLANG_CXX_LANGUAGE_STANDARD = "gnu++0x";
				CLANG_CXX_LIBRARY = "libc++";
				CLANG_ENABLE_MODULES = YES;
				CLANG_ENABLE_OBJC_ARC = YES;
				CLANG_WARN_BOOL_CONVERSION = YES;
				CLANG_WARN_CONSTANT_CONVERSION = YES;
				CLANG_WARN_DIRECT_OBJC_ISA_USAGE = YES_ERROR;
				CLANG_WARN_EMPTY_BODY = YES;
				CLANG_WARN_ENUM_CONVERSION = YES;
				CLANG_WARN_INT_CONVERSION = YES;
				CLANG_WARN_OBJC_ROOT_CLASS = YES_ERROR;
				CLANG_WARN_UNREACHABLE_CODE = YES;
				CLANG_WARN__DUPLICATE_METHOD_MATCH = YES;
				"CODE_SIGN_IDENTITY[sdk=iphoneos*]" = "iPhone Developer";
				COPY_PHASE_STRIP = NO;
				DEBUG_INFORMATION_FORMAT = "dwarf-with-dsym";
				ENABLE_STRICT_OBJC_MSGSEND = YES;
				GCC_C_LANGUAGE_STANDARD = gnu99;
				GCC_DYNAMIC_NO_PIC = NO;
				GCC_NO_COMMON_BLOCKS = YES;
				GCC_OPTIMIZATION_LEVEL = 0;
				GCC_PREPROCESSOR_DEFINITIONS = (
					"DEBUG=1",
					"$(inherited)",
				);
				GCC_SYMBOLS_PRIVATE_EXTERN = NO;
				GCC_WARN_64_TO_32_BIT_CONVERSION = YES;
				GCC_WARN_ABOUT_RETURN_TYPE = YES_ERROR;
				GCC_WARN_UNDECLARED_SELECTOR = YES;
				GCC_WARN_UNINITIALIZED_AUTOS = YES_AGGRESSIVE;
				GCC_WARN_UNUSED_FUNCTION = YES;
				GCC_WARN_UNUSED_VARIABLE = YES;
				IPHONEOS_DEPLOYMENT_TARGET = 8.3;
				MTL_ENABLE_DEBUG_INFO = YES;
				ONLY_ACTIVE_ARCH = YES;
				SDKROOT = iphoneos;
			};
			name = Debug;
		};
		05A5441F1B17F7E300BFDD33 /* Release */ = {
			isa = XCBuildConfiguration;
			buildSettings = {
				ALWAYS_SEARCH_USER_PATHS = NO;
				CLANG_CXX_LANGUAGE_STANDARD = "gnu++0x";
				CLANG_CXX_LIBRARY = "libc++";
				CLANG_ENABLE_MODULES = YES;
				CLANG_ENABLE_OBJC_ARC = YES;
				CLANG_WARN_BOOL_CONVERSION = YES;
				CLANG_WARN_CONSTANT_CONVERSION = YES;
				CLANG_WARN_DIRECT_OBJC_ISA_USAGE = YES_ERROR;
				CLANG_WARN_EMPTY_BODY = YES;
				CLANG_WARN_ENUM_CONVERSION = YES;
				CLANG_WARN_INT_CONVERSION = YES;
				CLANG_WARN_OBJC_ROOT_CLASS = YES_ERROR;
				CLANG_WARN_UNREACHABLE_CODE = YES;
				CLANG_WARN__DUPLICATE_METHOD_MATCH = YES;
				"CODE_SIGN_IDENTITY[sdk=iphoneos*]" = "iPhone Developer";
				COPY_PHASE_STRIP = NO;
				DEBUG_INFORMATION_FORMAT = "dwarf-with-dsym";
				ENABLE_NS_ASSERTIONS = NO;
				ENABLE_STRICT_OBJC_MSGSEND = YES;
				GCC_C_LANGUAGE_STANDARD = gnu99;
				GCC_NO_COMMON_BLOCKS = YES;
				GCC_WARN_64_TO_32_BIT_CONVERSION = YES;
				GCC_WARN_ABOUT_RETURN_TYPE = YES_ERROR;
				GCC_WARN_UNDECLARED_SELECTOR = YES;
				GCC_WARN_UNINITIALIZED_AUTOS = YES_AGGRESSIVE;
				GCC_WARN_UNUSED_FUNCTION = YES;
				GCC_WARN_UNUSED_VARIABLE = YES;
				IPHONEOS_DEPLOYMENT_TARGET = 8.3;
				MTL_ENABLE_DEBUG_INFO = NO;
				SDKROOT = iphoneos;
				VALIDATE_PRODUCT = YES;
			};
			name = Release;
		};
		05A544211B17F7E300BFDD33 /* Debug */ = {
			isa = XCBuildConfiguration;
			buildSettings = {
				ASSETCATALOG_COMPILER_APPICON_NAME = AppIcon;
				INFOPLIST_FILE = LCKeyboardManager/Info.plist;
				LD_RUNPATH_SEARCH_PATHS = "$(inherited) @executable_path/Frameworks";
				PRODUCT_NAME = "$(TARGET_NAME)";
			};
			name = Debug;
		};
		05A544221B17F7E300BFDD33 /* Release */ = {
			isa = XCBuildConfiguration;
			buildSettings = {
				ASSETCATALOG_COMPILER_APPICON_NAME = AppIcon;
				INFOPLIST_FILE = LCKeyboardManager/Info.plist;
				LD_RUNPATH_SEARCH_PATHS = "$(inherited) @executable_path/Frameworks";
				PRODUCT_NAME = "$(TARGET_NAME)";
			};
			name = Release;
		};
		05A544241B17F7E300BFDD33 /* Debug */ = {
			isa = XCBuildConfiguration;
			buildSettings = {
				BUNDLE_LOADER = "$(TEST_HOST)";
				FRAMEWORK_SEARCH_PATHS = (
					"$(SDKROOT)/Developer/Library/Frameworks",
					"$(inherited)",
				);
				GCC_PREPROCESSOR_DEFINITIONS = (
					"DEBUG=1",
					"$(inherited)",
				);
				INFOPLIST_FILE = LCKeyboardManagerTests/Info.plist;
				LD_RUNPATH_SEARCH_PATHS = "$(inherited) @executable_path/Frameworks @loader_path/Frameworks";
				PRODUCT_NAME = "$(TARGET_NAME)";
				TEST_HOST = "$(BUILT_PRODUCTS_DIR)/LCKeyboardManager.app/LCKeyboardManager";
			};
			name = Debug;
		};
		05A544251B17F7E300BFDD33 /* Release */ = {
			isa = XCBuildConfiguration;
			buildSettings = {
				BUNDLE_LOADER = "$(TEST_HOST)";
				FRAMEWORK_SEARCH_PATHS = (
					"$(SDKROOT)/Developer/Library/Frameworks",
					"$(inherited)",
				);
				INFOPLIST_FILE = LCKeyboardManagerTests/Info.plist;
				LD_RUNPATH_SEARCH_PATHS = "$(inherited) @executable_path/Frameworks @loader_path/Frameworks";
				PRODUCT_NAME = "$(TARGET_NAME)";
				TEST_HOST = "$(BUILT_PRODUCTS_DIR)/LCKeyboardManager.app/LCKeyboardManager";
			};
			name = Release;
		};
/* End XCBuildConfiguration section */

/* Begin XCConfigurationList section */
		05A543F81B17F7E200BFDD33 /* Build configuration list for PBXProject "LCKeyboardManager" */ = {
			isa = XCConfigurationList;
			buildConfigurations = (
				05A5441E1B17F7E300BFDD33 /* Debug */,
				05A5441F1B17F7E300BFDD33 /* Release */,
			);
			defaultConfigurationIsVisible = 0;
			defaultConfigurationName = Release;
		};
		05A544201B17F7E300BFDD33 /* Build configuration list for PBXNativeTarget "LCKeyboardManager" */ = {
			isa = XCConfigurationList;
			buildConfigurations = (
				05A544211B17F7E300BFDD33 /* Debug */,
				05A544221B17F7E300BFDD33 /* Release */,
			);
			defaultConfigurationIsVisible = 0;
		};
		05A544231B17F7E300BFDD33 /* Build configuration list for PBXNativeTarget "LCKeyboardManagerTests" */ = {
			isa = XCConfigurationList;
			buildConfigurations = (
				05A544241B17F7E300BFDD33 /* Debug */,
				05A544251B17F7E300BFDD33 /* Release */,
			);
			defaultConfigurationIsVisible = 0;
		};
/* End XCConfigurationList section */
	};
	rootObject = 05A543F51B17F7E200BFDD33 /* Project object */;
}
